
Microsoft Visual Studio Solution File, Format Version 12.00
# Visual Studio Version 17
VisualStudioVersion = 17.4.33403.182
MinimumVisualStudioVersion = 10.0.40219.1
Project("{FAE04EC0-301F-11D3-BF4B-00C04F79EFBC}") = "Baithuchanh_0703", "Baithuchanh_0703\Baithuchanh_0703.csproj", "{538A51C9-9565-4823-96E1-A01C16F60A00}"
EndProject
Global
	GlobalSection(SolutionConfigurationPlatforms) = preSolution
		Debug|Any CPU = Debug|Any CPU
		Release|Any CPU = Release|Any CPU
	EndGlobalSection
	GlobalSection(ProjectConfigurationPlatforms) = postSolution
		{538A51C9-9565-4823-96E1-A01C16F60A00}.Debug|Any CPU.ActiveCfg = Debug|Any CPU
		{538A51C9-9565-4823-96E1-A01C16F60A00}.Debug|Any CPU.Build.0 = Debug|Any CPU
		{538A51C9-9565-4823-96E1-A01C16F60A00}.Release|Any CPU.ActiveCfg = Release|Any CPU
		{538A51C9-9565-4823-96E1-A01C16F60A00}.Release|Any CPU.Build.0 = Release|Any CPU
	EndGlobalSection
	GlobalSection(SolutionProperties) = preSolution
		HideSolutionNode = FALSE
	EndGlobalSection
	GlobalSection(ExtensibilityGlobals) = postSolution
		SolutionGuid = {F79F08A8-93BD-4574-AEF5-2639E903AB94}
	EndGlobalSection
EndGlobal
